// !$*UTF8*$!
{
	archiveVersion = 1;
	classes = {
	};
	objectVersion = 77;
	objects = {

/* Begin PBXBuildFile section */
		CA54CB1D2E5A0A99007D062D /* The Advancement Extension.appex in Embed Foundation Extensions */ = {isa = PBXBuildFile; fileRef = CA54CB1C2E5A0A99007D062D /* The Advancement Extension.appex */; settings = {ATTRIBUTES = (RemoveHeadersOnCopy, ); }; };
		CA54CB272E5A0A99007D062D /* The Advancement Extension.appex in Embed Foundation Extensions */ = {isa = PBXBuildFile; fileRef = CA54CB262E5A0A99007D062D /* The Advancement Extension.appex */; settings = {ATTRIBUTES = (RemoveHeadersOnCopy, ); }; };
		CA54CBC22E5A53E6007D062D /* JavaScriptCore.framework in Frameworks */ = {isa = PBXBuildFile; fileRef = CA54CBC12E5A53E6007D062D /* JavaScriptCore.framework */; };
/* End PBXBuildFile section */

/* Begin PBXContainerItemProxy section */
		CA54CB1E2E5A0A99007D062D /* PBXContainerItemProxy */ = {
			isa = PBXContainerItemProxy;
			containerPortal = CA54CAE22E5A0A98007D062D /* Project object */;
			proxyType = 1;
			remoteGlobalIDString = CA54CB1B2E5A0A99007D062D;
			remoteInfo = "The Advancement Extension (iOS)";
		};
		CA54CB282E5A0A99007D062D /* PBXContainerItemProxy */ = {
			isa = PBXContainerItemProxy;
			containerPortal = CA54CAE22E5A0A98007D062D /* Project object */;
			proxyType = 1;
			remoteGlobalIDString = CA54CB252E5A0A99007D062D;
			remoteInfo = "The Advancement Extension (macOS)";
		};
/* End PBXContainerItemProxy section */

/* Begin PBXCopyFilesBuildPhase section */
		CA54CB502E5A0A99007D062D /* Embed Foundation Extensions */ = {
			isa = PBXCopyFilesBuildPhase;
			buildActionMask = 2147483647;
			dstPath = "";
			dstSubfolderSpec = 13;
			files = (
				CA54CB1D2E5A0A99007D062D /* The Advancement Extension.appex in Embed Foundation Extensions */,
			);
			name = "Embed Foundation Extensions";
			runOnlyForDeploymentPostprocessing = 0;
		};
		CA54CB5A2E5A0A99007D062D /* Embed Foundation Extensions */ = {
			isa = PBXCopyFilesBuildPhase;
			buildActionMask = 2147483647;
			dstPath = "";
			dstSubfolderSpec = 13;
			files = (
				CA54CB272E5A0A99007D062D /* The Advancement Extension.appex in Embed Foundation Extensions */,
			);
			name = "Embed Foundation Extensions";
			runOnlyForDeploymentPostprocessing = 0;
		};
/* End PBXCopyFilesBuildPhase section */

/* Begin PBXFileReference section */
		CA54CAFE2E5A0A99007D062D /* The Advancement.app */ = {isa = PBXFileReference; explicitFileType = wrapper.application; includeInIndex = 0; path = "The Advancement.app"; sourceTree = BUILT_PRODUCTS_DIR; };
		CA54CB102E5A0A99007D062D /* The Advancement.app */ = {isa = PBXFileReference; explicitFileType = wrapper.application; includeInIndex = 0; path = "The Advancement.app"; sourceTree = BUILT_PRODUCTS_DIR; };
		CA54CB1C2E5A0A99007D062D /* The Advancement Extension.appex */ = {isa = PBXFileReference; explicitFileType = "wrapper.app-extension"; includeInIndex = 0; path = "The Advancement Extension.appex"; sourceTree = BUILT_PRODUCTS_DIR; };
		CA54CB262E5A0A99007D062D /* The Advancement Extension.appex */ = {isa = PBXFileReference; explicitFileType = "wrapper.app-extension"; includeInIndex = 0; path = "The Advancement Extension.appex"; sourceTree = BUILT_PRODUCTS_DIR; };
		CA54CBC12E5A53E6007D062D /* JavaScriptCore.framework */ = {isa = PBXFileReference; lastKnownFileType = wrapper.framework; name = JavaScriptCore.framework; path = Platforms/iPhoneOS.platform/Developer/SDKs/iPhoneOS18.5.sdk/System/Library/Frameworks/JavaScriptCore.framework; sourceTree = DEVELOPER_DIR; };
		CA54CBC62E5A9E8D007D062D /* The-Advancement--macOS--Info.plist */ = {isa = PBXFileReference; lastKnownFileType = text.plist; path = "The-Advancement--macOS--Info.plist"; sourceTree = "<group>"; };
/* End PBXFileReference section */

/* Begin PBXFileSystemSynchronizedBuildFileExceptionSet section */
		CA54CB4B2E5A0A99007D062D /* Exceptions for "Shared (App)" folder in "The Advancement (iOS)" target */ = {
			isa = PBXFileSystemSynchronizedBuildFileExceptionSet;
			membershipExceptions = (
				"/Localized: Resources/Main.html",
				Assets.xcassets,
				Resources/Icon.png,
				Resources/Script.js,
				Resources/Style.css,
				ViewController.swift,
			);
			target = CA54CAFD2E5A0A99007D062D /* The Advancement (iOS) */;
		};
		CA54CB4F2E5A0A99007D062D /* Exceptions for "iOS (Extension)" folder in "The Advancement Extension (iOS)" target */ = {
			isa = PBXFileSystemSynchronizedBuildFileExceptionSet;
			membershipExceptions = (
				Info.plist,
			);
			target = CA54CB1B2E5A0A99007D062D /* The Advancement Extension (iOS) */;
		};
		CA54CB542E5A0A99007D062D /* Exceptions for "iOS (App)" folder in "The Advancement (iOS)" target */ = {
			isa = PBXFileSystemSynchronizedBuildFileExceptionSet;
			membershipExceptions = (
				Info.plist,
			);
			target = CA54CAFD2E5A0A99007D062D /* The Advancement (iOS) */;
		};
		CA54CB552E5A0A99007D062D /* Exceptions for "Shared (App)" folder in "The Advancement (macOS)" target */ = {
			isa = PBXFileSystemSynchronizedBuildFileExceptionSet;
			membershipExceptions = (
				"/Localized: Resources/Main.html",
				Assets.xcassets,
				Resources/Icon.png,
				Resources/Script.js,
				Resources/Style.css,
				ViewController.swift,
			);
			target = CA54CB0F2E5A0A99007D062D /* The Advancement (macOS) */;
		};
		CA54CB592E5A0A99007D062D /* Exceptions for "macOS (Extension)" folder in "The Advancement Extension (macOS)" target */ = {
			isa = PBXFileSystemSynchronizedBuildFileExceptionSet;
			membershipExceptions = (
				Info.plist,
			);
			target = CA54CB252E5A0A99007D062D /* The Advancement Extension (macOS) */;
		};
		CA54CB5E2E5A0A99007D062D /* Exceptions for "Shared (Extension)" folder in "The Advancement Extension (iOS)" target */ = {
			isa = PBXFileSystemSynchronizedBuildFileExceptionSet;
			membershipExceptions = (
				Resources/_locales,
				Resources/adversement.js,
				Resources/background.js,
				Resources/content.js,
				Resources/crypto.js,
				Resources/ecs.js,
				"Resources/entertainment-system.js",
				Resources/ficus.jpg,
				Resources/fonts.css,
				"Resources/fonts/FFVI-Damage-v3-LC-BA.otf",
				"Resources/fonts/FFVI-Damage-v3-LC-BO.otf",
				"Resources/fonts/FFVI-Damage-v3-LC-BW.otf",
				"Resources/fonts/FFVI-Damage-v3-LC-KO.otf",
				Resources/images,
				Resources/manifest.json,
				Resources/popup.css,
				Resources/popup.html,
				Resources/popup.js,
				Resources/slime.png,
				SafariWebExtensionHandler.swift,
				Sessionless.swift,
			);
			target = CA54CB1B2E5A0A99007D062D /* The Advancement Extension (iOS) */;
		};
		CA54CB5F2E5A0A99007D062D /* Exceptions for "Shared (Extension)" folder in "The Advancement Extension (macOS)" target */ = {
			isa = PBXFileSystemSynchronizedBuildFileExceptionSet;
			membershipExceptions = (
				Resources/_locales,
				Resources/adversement.js,
				Resources/background.js,
				Resources/content.js,
				Resources/crypto.js,
				Resources/ecs.js,
				"Resources/entertainment-system.js",
				Resources/ficus.jpg,
				Resources/fonts.css,
				"Resources/fonts/FFVI-Damage-v3-LC-BA.otf",
				"Resources/fonts/FFVI-Damage-v3-LC-BO.otf",
				"Resources/fonts/FFVI-Damage-v3-LC-BW.otf",
				"Resources/fonts/FFVI-Damage-v3-LC-KO.otf",
				Resources/images,
				Resources/manifest.json,
				Resources/popup.css,
				Resources/popup.html,
				Resources/popup.js,
				Resources/slime.png,
				SafariWebExtensionHandler.swift,
				Sessionless.swift,
			);
			target = CA54CB252E5A0A99007D062D /* The Advancement Extension (macOS) */;
		};
		CA54CBB92E5A2BC6007D062D /* Exceptions for "Shared (Extension)" folder in "The Advancement (iOS)" target */ = {
			isa = PBXFileSystemSynchronizedBuildFileExceptionSet;
			membershipExceptions = (
				Resources/crypto.js,
				Resources/fonts.css,
				"Resources/fonts/FFVI-Damage-v3-LC-BW.otf",
				"Resources/fonts/FFVI-Damage-v3-LC-KO.otf",
			);
			target = CA54CAFD2E5A0A99007D062D /* The Advancement (iOS) */;
		};
		CA54CBBA2E5A2BC6007D062D /* Exceptions for "Shared (Extension)" folder in "The Advancement (macOS)" target */ = {
			isa = PBXFileSystemSynchronizedBuildFileExceptionSet;
			membershipExceptions = (
				Resources/crypto.js,
				Resources/fonts.css,
				"Resources/fonts/FFVI-Damage-v3-LC-BW.otf",
				"Resources/fonts/FFVI-Damage-v3-LC-KO.otf",
			);
			target = CA54CB0F2E5A0A99007D062D /* The Advancement (macOS) */;
		};
/* End PBXFileSystemSynchronizedBuildFileExceptionSet section */

/* Begin PBXFileSystemSynchronizedRootGroup section */
		CA54CAE62E5A0A98007D062D /* Shared (App) */ = {
			isa = PBXFileSystemSynchronizedRootGroup;
			exceptions = (
				CA54CB4B2E5A0A99007D062D /* Exceptions for "Shared (App)" folder in "The Advancement (iOS)" target */,
				CA54CB552E5A0A99007D062D /* Exceptions for "Shared (App)" folder in "The Advancement (macOS)" target */,
			);
			path = "Shared (App)";
			sourceTree = "<group>";
		};
		CA54CAEF2E5A0A99007D062D /* Shared (Extension) */ = {
			isa = PBXFileSystemSynchronizedRootGroup;
			exceptions = (
				CA54CBB92E5A2BC6007D062D /* Exceptions for "Shared (Extension)" folder in "The Advancement (iOS)" target */,
				CA54CBBA2E5A2BC6007D062D /* Exceptions for "Shared (Extension)" folder in "The Advancement (macOS)" target */,
				CA54CB5E2E5A0A99007D062D /* Exceptions for "Shared (Extension)" folder in "The Advancement Extension (iOS)" target */,
				CA54CB5F2E5A0A99007D062D /* Exceptions for "Shared (Extension)" folder in "The Advancement Extension (macOS)" target */,
			);
			explicitFolders = (
				Resources/_locales,
				Resources/images,
			);
			path = "Shared (Extension)";
			sourceTree = "<group>";
		};
		CA54CB002E5A0A99007D062D /* iOS (App) */ = {
			isa = PBXFileSystemSynchronizedRootGroup;
			exceptions = (
				CA54CB542E5A0A99007D062D /* Exceptions for "iOS (App)" folder in "The Advancement (iOS)" target */,
			);
			path = "iOS (App)";
			sourceTree = "<group>";
		};
		CA54CB112E5A0A99007D062D /* macOS (App) */ = {
			isa = PBXFileSystemSynchronizedRootGroup;
			path = "macOS (App)";
			sourceTree = "<group>";
		};
		CA54CB202E5A0A99007D062D /* iOS (Extension) */ = {
			isa = PBXFileSystemSynchronizedRootGroup;
			exceptions = (
				CA54CB4F2E5A0A99007D062D /* Exceptions for "iOS (Extension)" folder in "The Advancement Extension (iOS)" target */,
			);
			path = "iOS (Extension)";
			sourceTree = "<group>";
		};
		CA54CB2A2E5A0A99007D062D /* macOS (Extension) */ = {
			isa = PBXFileSystemSynchronizedRootGroup;
			exceptions = (
				CA54CB592E5A0A99007D062D /* Exceptions for "macOS (Extension)" folder in "The Advancement Extension (macOS)" target */,
			);
			path = "macOS (Extension)";
			sourceTree = "<group>";
		};
/* End PBXFileSystemSynchronizedRootGroup section */

/* Begin PBXFrameworksBuildPhase section */
		CA54CAFB2E5A0A99007D062D /* Frameworks */ = {
			isa = PBXFrameworksBuildPhase;
			buildActionMask = 2147483647;
			files = (
				CA54CBC22E5A53E6007D062D /* JavaScriptCore.framework in Frameworks */,
			);
			runOnlyForDeploymentPostprocessing = 0;
		};
		CA54CB0D2E5A0A99007D062D /* Frameworks */ = {
			isa = PBXFrameworksBuildPhase;
			buildActionMask = 2147483647;
			files = (
			);
			runOnlyForDeploymentPostprocessing = 0;
		};
		CA54CB192E5A0A99007D062D /* Frameworks */ = {
			isa = PBXFrameworksBuildPhase;
			buildActionMask = 2147483647;
			files = (
			);
			runOnlyForDeploymentPostprocessing = 0;
		};
		CA54CB232E5A0A99007D062D /* Frameworks */ = {
			isa = PBXFrameworksBuildPhase;
			buildActionMask = 2147483647;
			files = (
			);
			runOnlyForDeploymentPostprocessing = 0;
		};
/* End PBXFrameworksBuildPhase section */

/* Begin PBXGroup section */
		CA54CAE12E5A0A98007D062D = {
			isa = PBXGroup;
			children = (
				CA54CBC62E5A9E8D007D062D /* The-Advancement--macOS--Info.plist */,
				CA54CAE62E5A0A98007D062D /* Shared (App) */,
				CA54CAEF2E5A0A99007D062D /* Shared (Extension) */,
				CA54CB002E5A0A99007D062D /* iOS (App) */,
				CA54CB112E5A0A99007D062D /* macOS (App) */,
				CA54CB202E5A0A99007D062D /* iOS (Extension) */,
				CA54CB2A2E5A0A99007D062D /* macOS (Extension) */,
				CA54CBC02E5A53E6007D062D /* Frameworks */,
				CA54CAFF2E5A0A99007D062D /* Products */,
			);
			sourceTree = "<group>";
		};
		CA54CAFF2E5A0A99007D062D /* Products */ = {
			isa = PBXGroup;
			children = (
				CA54CAFE2E5A0A99007D062D /* The Advancement.app */,
				CA54CB102E5A0A99007D062D /* The Advancement.app */,
				CA54CB1C2E5A0A99007D062D /* The Advancement Extension.appex */,
				CA54CB262E5A0A99007D062D /* The Advancement Extension.appex */,
			);
			name = Products;
			sourceTree = "<group>";
		};
		CA54CBC02E5A53E6007D062D /* Frameworks */ = {
			isa = PBXGroup;
			children = (
				CA54CBC12E5A53E6007D062D /* JavaScriptCore.framework */,
			);
			name = Frameworks;
			sourceTree = "<group>";
		};
/* End PBXGroup section */

/* Begin PBXNativeTarget section */
		CA54CAFD2E5A0A99007D062D /* The Advancement (iOS) */ = {
			isa = PBXNativeTarget;
			buildConfigurationList = CA54CB512E5A0A99007D062D /* Build configuration list for PBXNativeTarget "The Advancement (iOS)" */;
			buildPhases = (
				CA54CAFA2E5A0A99007D062D /* Sources */,
				CA54CAFB2E5A0A99007D062D /* Frameworks */,
				CA54CAFC2E5A0A99007D062D /* Resources */,
				CA54CB502E5A0A99007D062D /* Embed Foundation Extensions */,
			);
			buildRules = (
			);
			dependencies = (
				CA54CB1F2E5A0A99007D062D /* PBXTargetDependency */,
			);
			fileSystemSynchronizedGroups = (
				CA54CB002E5A0A99007D062D /* iOS (App) */,
			);
			name = "The Advancement (iOS)";
			packageProductDependencies = (
			);
			productName = "The Advancement (iOS)";
			productReference = CA54CAFE2E5A0A99007D062D /* The Advancement.app */;
			productType = "com.apple.product-type.application";
		};
		CA54CB0F2E5A0A99007D062D /* The Advancement (macOS) */ = {
			isa = PBXNativeTarget;
			buildConfigurationList = CA54CB5B2E5A0A99007D062D /* Build configuration list for PBXNativeTarget "The Advancement (macOS)" */;
			buildPhases = (
				CA54CB0C2E5A0A99007D062D /* Sources */,
				CA54CB0D2E5A0A99007D062D /* Frameworks */,
				CA54CB0E2E5A0A99007D062D /* Resources */,
				CA54CB5A2E5A0A99007D062D /* Embed Foundation Extensions */,
			);
			buildRules = (
			);
			dependencies = (
				CA54CB292E5A0A99007D062D /* PBXTargetDependency */,
			);
			fileSystemSynchronizedGroups = (
				CA54CB112E5A0A99007D062D /* macOS (App) */,
			);
			name = "The Advancement (macOS)";
			packageProductDependencies = (
			);
			productName = "The Advancement (macOS)";
			productReference = CA54CB102E5A0A99007D062D /* The Advancement.app */;
			productType = "com.apple.product-type.application";
		};
		CA54CB1B2E5A0A99007D062D /* The Advancement Extension (iOS) */ = {
			isa = PBXNativeTarget;
			buildConfigurationList = CA54CB4C2E5A0A99007D062D /* Build configuration list for PBXNativeTarget "The Advancement Extension (iOS)" */;
			buildPhases = (
				CA54CB182E5A0A99007D062D /* Sources */,
				CA54CB192E5A0A99007D062D /* Frameworks */,
				CA54CB1A2E5A0A99007D062D /* Resources */,
			);
			buildRules = (
			);
			dependencies = (
			);
			fileSystemSynchronizedGroups = (
				CA54CB202E5A0A99007D062D /* iOS (Extension) */,
			);
			name = "The Advancement Extension (iOS)";
			packageProductDependencies = (
			);
			productName = "The Advancement Extension (iOS)";
			productReference = CA54CB1C2E5A0A99007D062D /* The Advancement Extension.appex */;
			productType = "com.apple.product-type.app-extension";
		};
		CA54CB252E5A0A99007D062D /* The Advancement Extension (macOS) */ = {
			isa = PBXNativeTarget;
			buildConfigurationList = CA54CB562E5A0A99007D062D /* Build configuration list for PBXNativeTarget "The Advancement Extension (macOS)" */;
			buildPhases = (
				CA54CB222E5A0A99007D062D /* Sources */,
				CA54CB232E5A0A99007D062D /* Frameworks */,
				CA54CB242E5A0A99007D062D /* Resources */,
			);
			buildRules = (
			);
			dependencies = (
			);
			fileSystemSynchronizedGroups = (
				CA54CB2A2E5A0A99007D062D /* macOS (Extension) */,
			);
			name = "The Advancement Extension (macOS)";
			packageProductDependencies = (
			);
			productName = "The Advancement Extension (macOS)";
			productReference = CA54CB262E5A0A99007D062D /* The Advancement Extension.appex */;
			productType = "com.apple.product-type.app-extension";
		};
/* End PBXNativeTarget section */

/* Begin PBXProject section */
		CA54CAE22E5A0A98007D062D /* Project object */ = {
			isa = PBXProject;
			attributes = {
				BuildIndependentTargetsInParallel = 1;
				LastSwiftUpdateCheck = 1640;
				LastUpgradeCheck = 1640;
				TargetAttributes = {
					CA54CAFD2E5A0A99007D062D = {
						CreatedOnToolsVersion = 16.4;
					};
					CA54CB0F2E5A0A99007D062D = {
						CreatedOnToolsVersion = 16.4;
					};
					CA54CB1B2E5A0A99007D062D = {
						CreatedOnToolsVersion = 16.4;
					};
					CA54CB252E5A0A99007D062D = {
						CreatedOnToolsVersion = 16.4;
					};
				};
			};
			buildConfigurationList = CA54CAE52E5A0A98007D062D /* Build configuration list for PBXProject "The Advancement" */;
			developmentRegion = en;
			hasScannedForEncodings = 0;
			knownRegions = (
				en,
				Base,
			);
			mainGroup = CA54CAE12E5A0A98007D062D;
			minimizedProjectReferenceProxies = 1;
			preferredProjectObjectVersion = 77;
			productRefGroup = CA54CAFF2E5A0A99007D062D /* Products */;
			projectDirPath = "";
			projectRoot = "";
			targets = (
				CA54CAFD2E5A0A99007D062D /* The Advancement (iOS) */,
				CA54CB0F2E5A0A99007D062D /* The Advancement (macOS) */,
				CA54CB1B2E5A0A99007D062D /* The Advancement Extension (iOS) */,
				CA54CB252E5A0A99007D062D /* The Advancement Extension (macOS) */,
			);
		};
/* End PBXProject section */

/* Begin PBXResourcesBuildPhase section */
		CA54CAFC2E5A0A99007D062D /* Resources */ = {
			isa = PBXResourcesBuildPhase;
			buildActionMask = 2147483647;
			files = (
			);
			runOnlyForDeploymentPostprocessing = 0;
		};
		CA54CB0E2E5A0A99007D062D /* Resources */ = {
			isa = PBXResourcesBuildPhase;
			buildActionMask = 2147483647;
			files = (
			);
			runOnlyForDeploymentPostprocessing = 0;
		};
		CA54CB1A2E5A0A99007D062D /* Resources */ = {
			isa = PBXResourcesBuildPhase;
			buildActionMask = 2147483647;
			files = (
			);
			runOnlyForDeploymentPostprocessing = 0;
		};
		CA54CB242E5A0A99007D062D /* Resources */ = {
			isa = PBXResourcesBuildPhase;
			buildActionMask = 2147483647;
			files = (
			);
			runOnlyForDeploymentPostprocessing = 0;
		};
/* End PBXResourcesBuildPhase section */

/* Begin PBXSourcesBuildPhase section */
		CA54CAFA2E5A0A99007D062D /* Sources */ = {
			isa = PBXSourcesBuildPhase;
			buildActionMask = 2147483647;
			files = (
			);
			runOnlyForDeploymentPostprocessing = 0;
		};
		CA54CB0C2E5A0A99007D062D /* Sources */ = {
			isa = PBXSourcesBuildPhase;
			buildActionMask = 2147483647;
			files = (
			);
			runOnlyForDeploymentPostprocessing = 0;
		};
		CA54CB182E5A0A99007D062D /* Sources */ = {
			isa = PBXSourcesBuildPhase;
			buildActionMask = 2147483647;
			files = (
			);
			runOnlyForDeploymentPostprocessing = 0;
		};
		CA54CB222E5A0A99007D062D /* Sources */ = {
			isa = PBXSourcesBuildPhase;
			buildActionMask = 2147483647;
			files = (
			);
			runOnlyForDeploymentPostprocessing = 0;
		};
/* End PBXSourcesBuildPhase section */

/* Begin PBXTargetDependency section */
		CA54CB1F2E5A0A99007D062D /* PBXTargetDependency */ = {
			isa = PBXTargetDependency;
			target = CA54CB1B2E5A0A99007D062D /* The Advancement Extension (iOS) */;
			targetProxy = CA54CB1E2E5A0A99007D062D /* PBXContainerItemProxy */;
		};
		CA54CB292E5A0A99007D062D /* PBXTargetDependency */ = {
			isa = PBXTargetDependency;
			target = CA54CB252E5A0A99007D062D /* The Advancement Extension (macOS) */;
			targetProxy = CA54CB282E5A0A99007D062D /* PBXContainerItemProxy */;
		};
/* End PBXTargetDependency section */

/* Begin XCBuildConfiguration section */
		CA54CB4D2E5A0A99007D062D /* Debug */ = {
			isa = XCBuildConfiguration;
			buildSettings = {
				CODE_SIGN_STYLE = Automatic;
				CURRENT_PROJECT_VERSION = 1;
				DEVELOPMENT_TEAM = RLJ2FY35FD;
				GENERATE_INFOPLIST_FILE = YES;
				INFOPLIST_FILE = "iOS (Extension)/Info.plist";
				INFOPLIST_KEY_CFBundleDisplayName = "The Advancement Extension";
				INFOPLIST_KEY_NSHumanReadableCopyright = "";
				IPHONEOS_DEPLOYMENT_TARGET = 15.0;
				LD_RUNPATH_SEARCH_PATHS = (
					"$(inherited)",
					"@executable_path/Frameworks",
					"@executable_path/../../Frameworks",
				);
				MARKETING_VERSION = 1.0;
				OTHER_LDFLAGS = (
					"-framework",
					SafariServices,
				);
				PRODUCT_BUNDLE_IDENTIFIER = "com.planetnine.the-advancement.The-Advancement.Extension";
				PRODUCT_NAME = "The Advancement Extension";
				SDKROOT = iphoneos;
				SKIP_INSTALL = YES;
				SWIFT_EMIT_LOC_STRINGS = YES;
				SWIFT_VERSION = 5.0;
				TARGETED_DEVICE_FAMILY = "1,2";
			};
			name = Debug;
		};
		CA54CB4E2E5A0A99007D062D /* Release */ = {
			isa = XCBuildConfiguration;
			buildSettings = {
				CODE_SIGN_STYLE = Automatic;
				CURRENT_PROJECT_VERSION = 1;
				DEVELOPMENT_TEAM = RLJ2FY35FD;
				GENERATE_INFOPLIST_FILE = YES;
				INFOPLIST_FILE = "iOS (Extension)/Info.plist";
				INFOPLIST_KEY_CFBundleDisplayName = "The Advancement Extension";
				INFOPLIST_KEY_NSHumanReadableCopyright = "";
				IPHONEOS_DEPLOYMENT_TARGET = 15.0;
				LD_RUNPATH_SEARCH_PATHS = (
					"$(inherited)",
					"@executable_path/Frameworks",
					"@executable_path/../../Frameworks",
				);
				MARKETING_VERSION = 1.0;
				OTHER_LDFLAGS = (
					"-framework",
					SafariServices,
				);
				PRODUCT_BUNDLE_IDENTIFIER = "com.planetnine.the-advancement.The-Advancement.Extension";
				PRODUCT_NAME = "The Advancement Extension";
				SDKROOT = iphoneos;
				SKIP_INSTALL = YES;
				SWIFT_EMIT_LOC_STRINGS = YES;
				SWIFT_VERSION = 5.0;
				TARGETED_DEVICE_FAMILY = "1,2";
				VALIDATE_PRODUCT = YES;
			};
			name = Release;
		};
		CA54CB522E5A0A99007D062D /* Debug */ = {
			isa = XCBuildConfiguration;
			buildSettings = {
				ASSETCATALOG_COMPILER_APPICON_NAME = AppIcon;
				ASSETCATALOG_COMPILER_GLOBAL_ACCENT_COLOR_NAME = AccentColor;
				CODE_SIGN_STYLE = Automatic;
				CURRENT_PROJECT_VERSION = 1;
				DEVELOPMENT_TEAM = RLJ2FY35FD;
				GENERATE_INFOPLIST_FILE = YES;
				INFOPLIST_FILE = "iOS (App)/Info.plist";
				INFOPLIST_KEY_CFBundleDisplayName = "The Advancement";
				INFOPLIST_KEY_UIApplicationSupportsIndirectInputEvents = YES;
				INFOPLIST_KEY_UILaunchStoryboardName = LaunchScreen;
				INFOPLIST_KEY_UIMainStoryboardFile = Main;
				INFOPLIST_KEY_UISupportedInterfaceOrientations = "UIInterfaceOrientationPortrait UIInterfaceOrientationLandscapeLeft UIInterfaceOrientationLandscapeRight";
				INFOPLIST_KEY_UISupportedInterfaceOrientations_iPad = "UIInterfaceOrientationPortrait UIInterfaceOrientationPortraitUpsideDown UIInterfaceOrientationLandscapeLeft UIInterfaceOrientationLandscapeRight";
				IPHONEOS_DEPLOYMENT_TARGET = 15.0;
				LD_RUNPATH_SEARCH_PATHS = (
					"$(inherited)",
					"@executable_path/Frameworks",
				);
				MARKETING_VERSION = 1.0;
				OTHER_LDFLAGS = (
					"-framework",
					SafariServices,
					"-framework",
					WebKit,
				);
				PRODUCT_BUNDLE_IDENTIFIER = "com.planetnine.the-advancement.The-Advancement";
				PRODUCT_NAME = "The Advancement";
				SDKROOT = iphoneos;
				SWIFT_EMIT_LOC_STRINGS = YES;
				SWIFT_VERSION = 5.0;
				TARGETED_DEVICE_FAMILY = "1,2";
			};
			name = Debug;
		};
		CA54CB532E5A0A99007D062D /* Release */ = {
			isa = XCBuildConfiguration;
			buildSettings = {
				ASSETCATALOG_COMPILER_APPICON_NAME = AppIcon;
				ASSETCATALOG_COMPILER_GLOBAL_ACCENT_COLOR_NAME = AccentColor;
				CODE_SIGN_STYLE = Automatic;
				CURRENT_PROJECT_VERSION = 1;
				DEVELOPMENT_TEAM = RLJ2FY35FD;
				GENERATE_INFOPLIST_FILE = YES;
				INFOPLIST_FILE = "iOS (App)/Info.plist";
				INFOPLIST_KEY_CFBundleDisplayName = "The Advancement";
				INFOPLIST_KEY_UIApplicationSupportsIndirectInputEvents = YES;
				INFOPLIST_KEY_UILaunchStoryboardName = LaunchScreen;
				INFOPLIST_KEY_UIMainStoryboardFile = Main;
				INFOPLIST_KEY_UISupportedInterfaceOrientations = "UIInterfaceOrientationPortrait UIInterfaceOrientationLandscapeLeft UIInterfaceOrientationLandscapeRight";
				INFOPLIST_KEY_UISupportedInterfaceOrientations_iPad = "UIInterfaceOrientationPortrait UIInterfaceOrientationPortraitUpsideDown UIInterfaceOrientationLandscapeLeft UIInterfaceOrientationLandscapeRight";
				IPHONEOS_DEPLOYMENT_TARGET = 15.0;
				LD_RUNPATH_SEARCH_PATHS = (
					"$(inherited)",
					"@executable_path/Frameworks",
				);
				MARKETING_VERSION = 1.0;
				OTHER_LDFLAGS = (
					"-framework",
					SafariServices,
					"-framework",
					WebKit,
				);
				PRODUCT_BUNDLE_IDENTIFIER = "com.planetnine.the-advancement.The-Advancement";
				PRODUCT_NAME = "The Advancement";
				SDKROOT = iphoneos;
				SWIFT_EMIT_LOC_STRINGS = YES;
				SWIFT_VERSION = 5.0;
				TARGETED_DEVICE_FAMILY = "1,2";
				VALIDATE_PRODUCT = YES;
			};
			name = Release;
		};
		CA54CB572E5A0A99007D062D /* Debug */ = {
			isa = XCBuildConfiguration;
			buildSettings = {
				CODE_SIGN_ENTITLEMENTS = "macOS (Extension)/The Advancement.entitlements";
				CODE_SIGN_STYLE = Automatic;
				CURRENT_PROJECT_VERSION = 1;
				DEVELOPMENT_TEAM = RLJ2FY35FD;
				ENABLE_HARDENED_RUNTIME = YES;
				GENERATE_INFOPLIST_FILE = YES;
				INFOPLIST_FILE = "macOS (Extension)/Info.plist";
				INFOPLIST_KEY_CFBundleDisplayName = "The Advancement Extension";
				INFOPLIST_KEY_LSApplicationCategoryType = "";
				INFOPLIST_KEY_NSHumanReadableCopyright = "";
				LD_RUNPATH_SEARCH_PATHS = (
					"$(inherited)",
					"@executable_path/../Frameworks",
					"@executable_path/../../../../Frameworks",
				);
				MACOSX_DEPLOYMENT_TARGET = 13.5;
				MARKETING_VERSION = 1.0;
				OTHER_LDFLAGS = (
					"-framework",
					SafariServices,
				);
				PRODUCT_BUNDLE_IDENTIFIER = "com.planetnine.the-advancement.The-Advancement.Extension";
				PRODUCT_NAME = "The Advancement Extension";
				SDKROOT = macosx;
				SKIP_INSTALL = YES;
				SWIFT_EMIT_LOC_STRINGS = YES;
				SWIFT_VERSION = 5.0;
			};
			name = Debug;
		};
		CA54CB582E5A0A99007D062D /* Release */ = {
			isa = XCBuildConfiguration;
			buildSettings = {
				CODE_SIGN_ENTITLEMENTS = "macOS (Extension)/The Advancement.entitlements";
				CODE_SIGN_STYLE = Automatic;
				CURRENT_PROJECT_VERSION = 1;
				DEVELOPMENT_TEAM = RLJ2FY35FD;
				ENABLE_HARDENED_RUNTIME = YES;
				GENERATE_INFOPLIST_FILE = YES;
				INFOPLIST_FILE = "macOS (Extension)/Info.plist";
				INFOPLIST_KEY_CFBundleDisplayName = "The Advancement Extension";
				INFOPLIST_KEY_LSApplicationCategoryType = "";
				INFOPLIST_KEY_NSHumanReadableCopyright = "";
				LD_RUNPATH_SEARCH_PATHS = (
					"$(inherited)",
					"@executable_path/../Frameworks",
					"@executable_path/../../../../Frameworks",
				);
				MACOSX_DEPLOYMENT_TARGET = 13.5;
				MARKETING_VERSION = 1.0;
				OTHER_LDFLAGS = (
					"-framework",
					SafariServices,
				);
				PRODUCT_BUNDLE_IDENTIFIER = "com.planetnine.the-advancement.The-Advancement.Extension";
				PRODUCT_NAME = "The Advancement Extension";
				SDKROOT = macosx;
				SKIP_INSTALL = YES;
				SWIFT_EMIT_LOC_STRINGS = YES;
				SWIFT_VERSION = 5.0;
			};
			name = Release;
		};
		CA54CB5C2E5A0A99007D062D /* Debug */ = {
			isa = XCBuildConfiguration;
			buildSettings = {
				ASSETCATALOG_COMPILER_APPICON_NAME = AppIcon;
				ASSETCATALOG_COMPILER_GLOBAL_ACCENT_COLOR_NAME = AccentColor;
				CODE_SIGN_ENTITLEMENTS = "macOS (App)/The Advancement.entitlements";
				"CODE_SIGN_IDENTITY[sdk=macosx*]" = "Apple Development";
				CODE_SIGN_STYLE = Automatic;
				CURRENT_PROJECT_VERSION = 1;
				DEVELOPMENT_TEAM = RLJ2FY35FD;
				ENABLE_HARDENED_RUNTIME = YES;
				GENERATE_INFOPLIST_FILE = YES;
				INFOPLIST_FILE = "The-Advancement--macOS--Info.plist";
				INFOPLIST_KEY_CFBundleDisplayName = "The Advancement";
				INFOPLIST_KEY_NSMainStoryboardFile = Main;
				INFOPLIST_KEY_NSPrincipalClass = NSApplication;
				LD_RUNPATH_SEARCH_PATHS = (
					"$(inherited)",
					"@executable_path/../Frameworks",
				);
				MACOSX_DEPLOYMENT_TARGET = 13.5;
				MARKETING_VERSION = 1.0;
				OTHER_LDFLAGS = (
					"-framework",
					SafariServices,
					"-framework",
					WebKit,
				);
				PRODUCT_BUNDLE_IDENTIFIER = "com.planetnine.the-advancement.The-Advancement";
				PRODUCT_NAME = "The Advancement";
				REGISTER_APP_GROUPS = YES;
				SDKROOT = macosx;
				SWIFT_EMIT_LOC_STRINGS = YES;
				SWIFT_VERSION = 5.0;
			};
			name = Debug;
		};
		CA54CB5D2E5A0A99007D062D /* Release */ = {
			isa = XCBuildConfiguration;
			buildSettings = {
				ASSETCATALOG_COMPILER_APPICON_NAME = AppIcon;
				ASSETCATALOG_COMPILER_GLOBAL_ACCENT_COLOR_NAME = AccentColor;
				CODE_SIGN_ENTITLEMENTS = "macOS (App)/The Advancement.entitlements";
				"CODE_SIGN_IDENTITY[sdk=macosx*]" = "Apple Development";
				CODE_SIGN_STYLE = Automatic;
				CURRENT_PROJECT_VERSION = 1;
				DEVELOPMENT_TEAM = RLJ2FY35FD;
				ENABLE_HARDENED_RUNTIME = YES;
				GENERATE_INFOPLIST_FILE = YES;
				INFOPLIST_FILE = "The-Advancement--macOS--Info.plist";
				INFOPLIST_KEY_CFBundleDisplayName = "The Advancement";
				INFOPLIST_KEY_NSMainStoryboardFile = Main;
				INFOPLIST_KEY_NSPrincipalClass = NSApplication;
				LD_RUNPATH_SEARCH_PATHS = (
					"$(inherited)",
					"@executable_path/../Frameworks",
				);
				MACOSX_DEPLOYMENT_TARGET = 13.5;
				MARKETING_VERSION = 1.0;
				OTHER_LDFLAGS = (
					"-framework",
					SafariServices,
					"-framework",
					WebKit,
				);
				PRODUCT_BUNDLE_IDENTIFIER = "com.planetnine.the-advancement.The-Advancement";
				PRODUCT_NAME = "The Advancement";
				REGISTER_APP_GROUPS = YES;
				SDKROOT = macosx;
				SWIFT_EMIT_LOC_STRINGS = YES;
				SWIFT_VERSION = 5.0;
			};
			name = Release;
		};
		CA54CB602E5A0A99007D062D /* Debug */ = {
			isa = XCBuildConfiguration;
			buildSettings = {
				ALWAYS_SEARCH_USER_PATHS = NO;
				ASSETCATALOG_COMPILER_GENERATE_SWIFT_ASSET_SYMBOL_EXTENSIONS = YES;
				CLANG_ANALYZER_NONNULL = YES;
				CLANG_ANALYZER_NUMBER_OBJECT_CONVERSION = YES_AGGRESSIVE;
				CLANG_CXX_LANGUAGE_STANDARD = "gnu++20";
				CLANG_ENABLE_MODULES = YES;
				CLANG_ENABLE_OBJC_ARC = YES;
				CLANG_ENABLE_OBJC_WEAK = YES;
				CLANG_WARN_BLOCK_CAPTURE_AUTORELEASING = YES;
				CLANG_WARN_BOOL_CONVERSION = YES;
				CLANG_WARN_COMMA = YES;
				CLANG_WARN_CONSTANT_CONVERSION = YES;
				CLANG_WARN_DEPRECATED_OBJC_IMPLEMENTATIONS = YES;
				CLANG_WARN_DIRECT_OBJC_ISA_USAGE = YES_ERROR;
				CLANG_WARN_DOCUMENTATION_COMMENTS = YES;
				CLANG_WARN_EMPTY_BODY = YES;
				CLANG_WARN_ENUM_CONVERSION = YES;
				CLANG_WARN_INFINITE_RECURSION = YES;
				CLANG_WARN_INT_CONVERSION = YES;
				CLANG_WARN_NON_LITERAL_NULL_CONVERSION = YES;
				CLANG_WARN_OBJC_IMPLICIT_RETAIN_SELF = YES;
				CLANG_WARN_OBJC_LITERAL_CONVERSION = YES;
				CLANG_WARN_OBJC_ROOT_CLASS = YES_ERROR;
				CLANG_WARN_QUOTED_INCLUDE_IN_FRAMEWORK_HEADER = YES;
				CLANG_WARN_RANGE_LOOP_ANALYSIS = YES;
				CLANG_WARN_STRICT_PROTOTYPES = YES;
				CLANG_WARN_SUSPICIOUS_MOVE = YES;
				CLANG_WARN_UNGUARDED_AVAILABILITY = YES_AGGRESSIVE;
				CLANG_WARN_UNREACHABLE_CODE = YES;
				CLANG_WARN__DUPLICATE_METHOD_MATCH = YES;
				COPY_PHASE_STRIP = NO;
				DEBUG_INFORMATION_FORMAT = dwarf;
				DEVELOPMENT_TEAM = RLJ2FY35FD;
				ENABLE_STRICT_OBJC_MSGSEND = YES;
				ENABLE_TESTABILITY = YES;
				ENABLE_USER_SCRIPT_SANDBOXING = YES;
				GCC_C_LANGUAGE_STANDARD = gnu17;
				GCC_DYNAMIC_NO_PIC = NO;
				GCC_NO_COMMON_BLOCKS = YES;
				GCC_OPTIMIZATION_LEVEL = 0;
				GCC_PREPROCESSOR_DEFINITIONS = (
					"DEBUG=1",
					"$(inherited)",
				);
				GCC_WARN_64_TO_32_BIT_CONVERSION = YES;
				GCC_WARN_ABOUT_RETURN_TYPE = YES_ERROR;
				GCC_WARN_UNDECLARED_SELECTOR = YES;
				GCC_WARN_UNINITIALIZED_AUTOS = YES_AGGRESSIVE;
				GCC_WARN_UNUSED_FUNCTION = YES;
				GCC_WARN_UNUSED_VARIABLE = YES;
				LOCALIZATION_PREFERS_STRING_CATALOGS = YES;
				MTL_ENABLE_DEBUG_INFO = INCLUDE_SOURCE;
				MTL_FAST_MATH = YES;
				ONLY_ACTIVE_ARCH = YES;
				SWIFT_ACTIVE_COMPILATION_CONDITIONS = "DEBUG $(inherited)";
				SWIFT_OPTIMIZATION_LEVEL = "-Onone";
			};
			name = Debug;
		};
		CA54CB612E5A0A99007D062D /* Release */ = {
			isa = XCBuildConfiguration;
			buildSettings = {
				ALWAYS_SEARCH_USER_PATHS = NO;
				ASSETCATALOG_COMPILER_GENERATE_SWIFT_ASSET_SYMBOL_EXTENSIONS = YES;
				CLANG_ANALYZER_NONNULL = YES;
				CLANG_ANALYZER_NUMBER_OBJECT_CONVERSION = YES_AGGRESSIVE;
				CLANG_CXX_LANGUAGE_STANDARD = "gnu++20";
				CLANG_ENABLE_MODULES = YES;
				CLANG_ENABLE_OBJC_ARC = YES;
				CLANG_ENABLE_OBJC_WEAK = YES;
				CLANG_WARN_BLOCK_CAPTURE_AUTORELEASING = YES;
				CLANG_WARN_BOOL_CONVERSION = YES;
				CLANG_WARN_COMMA = YES;
				CLANG_WARN_CONSTANT_CONVERSION = YES;
				CLANG_WARN_DEPRECATED_OBJC_IMPLEMENTATIONS = YES;
				CLANG_WARN_DIRECT_OBJC_ISA_USAGE = YES_ERROR;
				CLANG_WARN_DOCUMENTATION_COMMENTS = YES;
				CLANG_WARN_EMPTY_BODY = YES;
				CLANG_WARN_ENUM_CONVERSION = YES;
				CLANG_WARN_INFINITE_RECURSION = YES;
				CLANG_WARN_INT_CONVERSION = YES;
				CLANG_WARN_NON_LITERAL_NULL_CONVERSION = YES;
				CLANG_WARN_OBJC_IMPLICIT_RETAIN_SELF = YES;
				CLANG_WARN_OBJC_LITERAL_CONVERSION = YES;
				CLANG_WARN_OBJC_ROOT_CLASS = YES_ERROR;
				CLANG_WARN_QUOTED_INCLUDE_IN_FRAMEWORK_HEADER = YES;
				CLANG_WARN_RANGE_LOOP_ANALYSIS = YES;
				CLANG_WARN_STRICT_PROTOTYPES = YES;
				CLANG_WARN_SUSPICIOUS_MOVE = YES;
				CLANG_WARN_UNGUARDED_AVAILABILITY = YES_AGGRESSIVE;
				CLANG_WARN_UNREACHABLE_CODE = YES;
				CLANG_WARN__DUPLICATE_METHOD_MATCH = YES;
				COPY_PHASE_STRIP = NO;
				DEBUG_INFORMATION_FORMAT = "dwarf-with-dsym";
				DEVELOPMENT_TEAM = RLJ2FY35FD;
				ENABLE_NS_ASSERTIONS = NO;
				ENABLE_STRICT_OBJC_MSGSEND = YES;
				ENABLE_USER_SCRIPT_SANDBOXING = YES;
				GCC_C_LANGUAGE_STANDARD = gnu17;
				GCC_NO_COMMON_BLOCKS = YES;
				GCC_WARN_64_TO_32_BIT_CONVERSION = YES;
				GCC_WARN_ABOUT_RETURN_TYPE = YES_ERROR;
				GCC_WARN_UNDECLARED_SELECTOR = YES;
				GCC_WARN_UNINITIALIZED_AUTOS = YES_AGGRESSIVE;
				GCC_WARN_UNUSED_FUNCTION = YES;
				GCC_WARN_UNUSED_VARIABLE = YES;
				LOCALIZATION_PREFERS_STRING_CATALOGS = YES;
				MTL_ENABLE_DEBUG_INFO = NO;
				MTL_FAST_MATH = YES;
				SWIFT_COMPILATION_MODE = wholemodule;
			};
			name = Release;
		};
/* End XCBuildConfiguration section */

/* Begin XCConfigurationList section */
		CA54CAE52E5A0A98007D062D /* Build configuration list for PBXProject "The Advancement" */ = {
			isa = XCConfigurationList;
			buildConfigurations = (
				CA54CB602E5A0A99007D062D /* Debug */,
				CA54CB612E5A0A99007D062D /* Release */,
			);
			defaultConfigurationIsVisible = 0;
			defaultConfigurationName = Release;
		};
		CA54CB4C2E5A0A99007D062D /* Build configuration list for PBXNativeTarget "The Advancement Extension (iOS)" */ = {
			isa = XCConfigurationList;
			buildConfigurations = (
				CA54CB4D2E5A0A99007D062D /* Debug */,
				CA54CB4E2E5A0A99007D062D /* Release */,
			);
			defaultConfigurationIsVisible = 0;
			defaultConfigurationName = Release;
		};
		CA54CB512E5A0A99007D062D /* Build configuration list for PBXNativeTarget "The Advancement (iOS)" */ = {
			isa = XCConfigurationList;
			buildConfigurations = (
				CA54CB522E5A0A99007D062D /* Debug */,
				CA54CB532E5A0A99007D062D /* Release */,
			);
			defaultConfigurationIsVisible = 0;
			defaultConfigurationName = Release;
		};
		CA54CB562E5A0A99007D062D /* Build configuration list for PBXNativeTarget "The Advancement Extension (macOS)" */ = {
			isa = XCConfigurationList;
			buildConfigurations = (
				CA54CB572E5A0A99007D062D /* Debug */,
				CA54CB582E5A0A99007D062D /* Release */,
			);
			defaultConfigurationIsVisible = 0;
			defaultConfigurationName = Release;
		};
		CA54CB5B2E5A0A99007D062D /* Build configuration list for PBXNativeTarget "The Advancement (macOS)" */ = {
			isa = XCConfigurationList;
			buildConfigurations = (
				CA54CB5C2E5A0A99007D062D /* Debug */,
				CA54CB5D2E5A0A99007D062D /* Release */,
			);
			defaultConfigurationIsVisible = 0;
			defaultConfigurationName = Release;
		};
/* End XCConfigurationList section */
	};
	rootObject = CA54CAE22E5A0A98007D062D /* Project object */;
}
